
Microsoft Visual Studio Solution File, Format Version 12.00
# Visual Studio 2012
Project("{FAE04EC0-301F-11D3-BF4B-00C04F79EFBC}") = "JMCC Employee Track Record", "JMCC Employee Track Record\JMCC Employee Track Record.csproj", "{2F31C6E5-4660-48E3-882E-1953BC0CF590}"
EndProject
Global
	GlobalSection(SolutionConfigurationPlatforms) = preSolution
		Debug|Any CPU = Debug|Any CPU
		Release|Any CPU = Release|Any CPU
	EndGlobalSection
	GlobalSection(ProjectConfigurationPlatforms) = postSolution
		{2F31C6E5-4660-48E3-882E-1953BC0CF590}.Debug|Any CPU.ActiveCfg = Debug|Any CPU
		{2F31C6E5-4660-48E3-882E-1953BC0CF590}.Debug|Any CPU.Build.0 = Debug|Any CPU
		{2F31C6E5-4660-48E3-882E-1953BC0CF590}.Release|Any CPU.ActiveCfg = Release|Any CPU
		{2F31C6E5-4660-48E3-882E-1953BC0CF590}.Release|Any CPU.Build.0 = Release|Any CPU
	EndGlobalSection
	GlobalSection(SolutionProperties) = preSolution
		HideSolutionNode = FALSE
	EndGlobalSection
EndGlobal
